lockfileVersion: '9.0'

settings:
  autoInstallPeers: true
  excludeLinksFromLockfile: false

importers:

  .:
    dependencies:
      ky:
        specifier: ^1.7.2
        version: 1.7.2
    devDependencies:
      '@types/node':
        specifier: 22.5.4
        version: 22.5.4
      typescript:
        specifier: 5.6.2
        version: 5.6.2

packages:

  '@types/node@22.5.4':
    resolution: {integrity: sha512-FDuKUJQm/ju9fT/SeX/6+gBzoPzlVCzfzmGkwKvRHQVxi4BntVbyIwf6a4Xn62mrvndLiml6z/UBXIdEVjQLXg==}

  ky@1.7.2:
    resolution: {integrity: sha512-OzIvbHKKDpi60TnF9t7UUVAF1B4mcqc02z5PIvrm08Wyb+yOcz63GRvEuVxNT18a9E1SrNouhB4W2NNLeD7Ykg==}
    engines: {node: '>=18'}

  typescript@5.6.2:
    resolution: {integrity: sha512-NW8ByodCSNCwZeghjN3o+JX5OFH0Ojg6sadjEKY4huZ52TqbJTJnDo5+Tw98lSy63NZvi4n+ez5m2u5d4PkZyw==}
    engines: {node: '>=14.17'}
    hasBin: true

  undici-types@6.19.8:
    resolution: {integrity: sha512-ve2KP6f/JnbPBFyobGHuerC9g1FYGn/F8n1LWTwNxCEzd6IfqTwUQcNXgEtmmQ6DlRrC1hrSrBnCZPokRrDHjw==}

snapshots:

  '@types/node@22.5.4':
    dependencies:
      undici-types: 6.19.8

  ky@1.7.2: {}

  typescript@5.6.2: {}

  undici-types@6.19.8: {}
